
Microsoft Visual Studio Solution File, Format Version 12.00
# Visual Studio 15
VisualStudioVersion = 15.0.28307.329
MinimumVisualStudioVersion = 10.0.40219.1
Project("{FAE04EC0-301F-11D3-BF4B-00C04F79EFBC}") = "ALTtestBack", "ALTtestBack\ALTtestBack.csproj", "{D5665E47-938B-456C-BEEA-96DBEA4F24A3}"
EndProject
Global
	GlobalSection(SolutionConfigurationPlatforms) = preSolution
		Debug|Any CPU = Debug|Any CPU
		Release|Any CPU = Release|Any CPU
	EndGlobalSection
	GlobalSection(ProjectConfigurationPlatforms) = postSolution
		{D5665E47-938B-456C-BEEA-96DBEA4F24A3}.Debug|Any CPU.ActiveCfg = Debug|Any CPU
		{D5665E47-938B-456C-BEEA-96DBEA4F24A3}.Debug|Any CPU.Build.0 = Debug|Any CPU
		{D5665E47-938B-456C-BEEA-96DBEA4F24A3}.Release|Any CPU.ActiveCfg = Release|Any CPU
		{D5665E47-938B-456C-BEEA-96DBEA4F24A3}.Release|Any CPU.Build.0 = Release|Any CPU
	EndGlobalSection
	GlobalSection(SolutionProperties) = preSolution
		HideSolutionNode = FALSE
	EndGlobalSection
	GlobalSection(ExtensibilityGlobals) = postSolution
		SolutionGuid = {356BDADD-2656-4506-B273-A910C1900A39}
	EndGlobalSection
EndGlobal
